
Microsoft Visual Studio Solution File, Format Version 12.00
# Visual Studio Version 17
VisualStudioVersion = 17.0.31903.59
MinimumVisualStudioVersion = 10.0.40219.1
Project("{FAE04EC0-301F-11D3-BF4B-00C04F79EFBC}") = "TunnelManager.ConfigApi", "TunnelManager.ConfigApi\TunnelManager.ConfigApi.csproj", "{A492A378-36D7-427D-8B02-808813EF43E0}"
EndProject
Project("{FAE04EC0-301F-11D3-BF4B-00C04F79EFBC}") = "TunnelManager.Worker", "TunnelManager.Worker\TunnelManager.Worker.csproj", "{B50400F8-3AE2-41BB-967F-6FDF02F459E6}"
EndProject
Project("{FAE04EC0-301F-11D3-BF4B-00C04F79EFBC}") = "TunnelManager.Shared", "TunnelManager.Shared\TunnelManager.Shared.csproj", "{9C588186-3422-46C2-BE20-8A1236339513}"
EndProject
Project("{FAE04EC0-301F-11D3-BF4B-00C04F79EFBC}") = "TunnelManager.Tests", "TunnelManager.Tests\TunnelManager.Tests.csproj", "{31C89952-0CFE-4842-B3A1-BB364C85769C}"
EndProject
Global
	GlobalSection(SolutionConfigurationPlatforms) = preSolution
		Debug|Any CPU = Debug|Any CPU
		Debug|x64 = Debug|x64
		Debug|x86 = Debug|x86
		Release|Any CPU = Release|Any CPU
		Release|x64 = Release|x64
		Release|x86 = Release|x86
	EndGlobalSection
	GlobalSection(ProjectConfigurationPlatforms) = postSolution
		{A492A378-36D7-427D-8B02-808813EF43E0}.Debug|Any CPU.ActiveCfg = Debug|Any CPU
		{A492A378-36D7-427D-8B02-808813EF43E0}.Debug|Any CPU.Build.0 = Debug|Any CPU
		{A492A378-36D7-427D-8B02-808813EF43E0}.Debug|x64.ActiveCfg = Debug|Any CPU
		{A492A378-36D7-427D-8B02-808813EF43E0}.Debug|x64.Build.0 = Debug|Any CPU
		{A492A378-36D7-427D-8B02-808813EF43E0}.Debug|x86.ActiveCfg = Debug|Any CPU
		{A492A378-36D7-427D-8B02-808813EF43E0}.Debug|x86.Build.0 = Debug|Any CPU
		{A492A378-36D7-427D-8B02-808813EF43E0}.Release|Any CPU.ActiveCfg = Release|Any CPU
		{A492A378-36D7-427D-8B02-808813EF43E0}.Release|Any CPU.Build.0 = Release|Any CPU
		{A492A378-36D7-427D-8B02-808813EF43E0}.Release|x64.ActiveCfg = Release|Any CPU
		{A492A378-36D7-427D-8B02-808813EF43E0}.Release|x64.Build.0 = Release|Any CPU
		{A492A378-36D7-427D-8B02-808813EF43E0}.Release|x86.ActiveCfg = Release|Any CPU
		{A492A378-36D7-427D-8B02-808813EF43E0}.Release|x86.Build.0 = Release|Any CPU
		{B50400F8-3AE2-41BB-967F-6FDF02F459E6}.Debug|Any CPU.ActiveCfg = Debug|Any CPU
		{B50400F8-3AE2-41BB-967F-6FDF02F459E6}.Debug|Any CPU.Build.0 = Debug|Any CPU
		{B50400F8-3AE2-41BB-967F-6FDF02F459E6}.Debug|x64.ActiveCfg = Debug|Any CPU
		{B50400F8-3AE2-41BB-967F-6FDF02F459E6}.Debug|x64.Build.0 = Debug|Any CPU
		{B50400F8-3AE2-41BB-967F-6FDF02F459E6}.Debug|x86.ActiveCfg = Debug|Any CPU
		{B50400F8-3AE2-41BB-967F-6FDF02F459E6}.Debug|x86.Build.0 = Debug|Any CPU
		{B50400F8-3AE2-41BB-967F-6FDF02F459E6}.Release|Any CPU.ActiveCfg = Release|Any CPU
		{B50400F8-3AE2-41BB-967F-6FDF02F459E6}.Release|Any CPU.Build.0 = Release|Any CPU
		{B50400F8-3AE2-41BB-967F-6FDF02F459E6}.Release|x64.ActiveCfg = Release|Any CPU
		{B50400F8-3AE2-41BB-967F-6FDF02F459E6}.Release|x64.Build.0 = Release|Any CPU
		{B50400F8-3AE2-41BB-967F-6FDF02F459E6}.Release|x86.ActiveCfg = Release|Any CPU
		{B50400F8-3AE2-41BB-967F-6FDF02F459E6}.Release|x86.Build.0 = Release|Any CPU
		{9C588186-3422-46C2-BE20-8A1236339513}.Debug|Any CPU.ActiveCfg = Debug|Any CPU
		{9C588186-3422-46C2-BE20-8A1236339513}.Debug|Any CPU.Build.0 = Debug|Any CPU
		{9C588186-3422-46C2-BE20-8A1236339513}.Debug|x64.ActiveCfg = Debug|Any CPU
		{9C588186-3422-46C2-BE20-8A1236339513}.Debug|x64.Build.0 = Debug|Any CPU
		{9C588186-3422-46C2-BE20-8A1236339513}.Debug|x86.ActiveCfg = Debug|Any CPU
		{9C588186-3422-46C2-BE20-8A1236339513}.Debug|x86.Build.0 = Debug|Any CPU
		{9C588186-3422-46C2-BE20-8A1236339513}.Release|Any CPU.ActiveCfg = Release|Any CPU
		{9C588186-3422-46C2-BE20-8A1236339513}.Release|Any CPU.Build.0 = Release|Any CPU
		{9C588186-3422-46C2-BE20-8A1236339513}.Release|x64.ActiveCfg = Release|Any CPU
		{9C588186-3422-46C2-BE20-8A1236339513}.Release|x64.Build.0 = Release|Any CPU
		{9C588186-3422-46C2-BE20-8A1236339513}.Release|x86.ActiveCfg = Release|Any CPU
		{9C588186-3422-46C2-BE20-8A1236339513}.Release|x86.Build.0 = Release|Any CPU
		{31C89952-0CFE-4842-B3A1-BB364C85769C}.Debug|Any CPU.ActiveCfg = Debug|Any CPU
		{31C89952-0CFE-4842-B3A1-BB364C85769C}.Debug|Any CPU.Build.0 = Debug|Any CPU
		{31C89952-0CFE-4842-B3A1-BB364C85769C}.Debug|x64.ActiveCfg = Debug|Any CPU
		{31C89952-0CFE-4842-B3A1-BB364C85769C}.Debug|x64.Build.0 = Debug|Any CPU
		{31C89952-0CFE-4842-B3A1-BB364C85769C}.Debug|x86.ActiveCfg = Debug|Any CPU
		{31C89952-0CFE-4842-B3A1-BB364C85769C}.Debug|x86.Build.0 = Debug|Any CPU
		{31C89952-0CFE-4842-B3A1-BB364C85769C}.Release|Any CPU.ActiveCfg = Release|Any CPU
		{31C89952-0CFE-4842-B3A1-BB364C85769C}.Release|Any CPU.Build.0 = Release|Any CPU
		{31C89952-0CFE-4842-B3A1-BB364C85769C}.Release|x64.ActiveCfg = Release|Any CPU
		{31C89952-0CFE-4842-B3A1-BB364C85769C}.Release|x64.Build.0 = Release|Any CPU
		{31C89952-0CFE-4842-B3A1-BB364C85769C}.Release|x86.ActiveCfg = Release|Any CPU
		{31C89952-0CFE-4842-B3A1-BB364C85769C}.Release|x86.Build.0 = Release|Any CPU
	EndGlobalSection
	GlobalSection(SolutionProperties) = preSolution
		HideSolutionNode = FALSE
	EndGlobalSection
EndGlobal
